
Microsoft Visual Studio Solution File, Format Version 12.00
# Visual Studio Version 17
VisualStudioVersion = 17.1.32421.90
MinimumVisualStudioVersion = 10.0.40219.1
Project("{FAE04EC0-301F-11D3-BF4B-00C04F79EFBC}") = "AllTopicsOfTheDay_03_06_2022", "AllTopicsOfTheDay_03_06_2022.csproj", "{77AA9A2C-3D5B-46F9-957E-5233DBFA9850}"
EndProject
Global
	GlobalSection(SolutionConfigurationPlatforms) = preSolution
		Debug|Any CPU = Debug|Any CPU
		Release|Any CPU = Release|Any CPU
	EndGlobalSection
	GlobalSection(ProjectConfigurationPlatforms) = postSolution
		{77AA9A2C-3D5B-46F9-957E-5233DBFA9850}.Debug|Any CPU.ActiveCfg = Debug|Any CPU
		{77AA9A2C-3D5B-46F9-957E-5233DBFA9850}.Debug|Any CPU.Build.0 = Debug|Any CPU
		{77AA9A2C-3D5B-46F9-957E-5233DBFA9850}.Release|Any CPU.ActiveCfg = Release|Any CPU
		{77AA9A2C-3D5B-46F9-957E-5233DBFA9850}.Release|Any CPU.Build.0 = Release|Any CPU
	EndGlobalSection
	GlobalSection(SolutionProperties) = preSolution
		HideSolutionNode = FALSE
	EndGlobalSection
	GlobalSection(ExtensibilityGlobals) = postSolution
		SolutionGuid = {EDCC9EEA-3CA1-4223-BD3F-8EDC9C47BD45}
	EndGlobalSection
EndGlobal
